# This file is autogenerated, do not edit; changes may be undone by the next 'dep ensure'.


[[projects]]
  branch = "master"
  digest = "1:3b0a6bf457e0af166f16d5006e93c4a3b7a0e89575ff64c7dd9d61f30cec1210"
  name = "git.soma.salesforce.com/kuleana/go-pkg"
  packages = [
    "cms",
    "cms/oid",
    "cms/protocol",
    "cms/timestamp",
  ]
  pruneopts = "UT"
  revision = "d626a9c9be3fd4a15f69b74af84225e34b51d89a"

[[projects]]
  digest = "1:a0e215862886668627e09a4a0675169d45e7489495be456c6a0646fdeac9f37f"
  name = "github.com/aws/aws-sdk-go"
  packages = [
    "aws",
    "aws/awserr",
    "aws/awsutil",
    "aws/client",
    "aws/client/metadata",
    "aws/corehandlers",
    "aws/credentials",
    "aws/credentials/ec2rolecreds",
    "aws/credentials/endpointcreds",
    "aws/credentials/processcreds",
    "aws/credentials/stscreds",
    "aws/csm",
    "aws/defaults",
    "aws/ec2metadata",
    "aws/endpoints",
    "aws/request",
    "aws/session",
    "aws/signer/v4",
    "internal/ini",
    "internal/s3err",
    "internal/sdkio",
    "internal/sdkrand",
    "internal/sdkuri",
    "internal/shareddefaults",
    "private/protocol",
    "private/protocol/eventstream",
    "private/protocol/eventstream/eventstreamapi",
    "private/protocol/json/jsonutil",
    "private/protocol/jsonrpc",
    "private/protocol/query",
    "private/protocol/query/queryutil",
    "private/protocol/rest",
    "private/protocol/restxml",
    "private/protocol/xml/xmlutil",
    "service/ecr",
    "service/s3",
    "service/s3/s3iface",
    "service/s3/s3manager",
    "service/sts",
  ]
  pruneopts = "UT"
  revision = "29db91562071cdb55ce57e0c3fb3f2abf184749b"
  version = "v1.20.19"

[[projects]]
  branch = "master"
  digest = "1:fe11c91fc456e898be44dcfe6c2415941f2fb40e812ed0b7121c920fb7b03e1f"
  name = "github.com/cloudflare/cfssl"
  packages = [
    "bundler",
    "crypto/pkcs7",
    "errors",
    "helpers",
    "helpers/derhelpers",
    "log",
    "ubiquity",
  ]
  pruneopts = "UT"
  revision = "2001f384ec4fea8e6e648cd89d07bda9bd7568c1"

[[projects]]
  digest = "1:ffe9824d294da03b391f44e1ae8281281b4afc1bdaa9588c9097785e3af10cec"
  name = "github.com/davecgh/go-spew"
  packages = ["spew"]
  pruneopts = "UT"
  revision = "8991bc29aa16c548c550c7ff78260e27b9ab7c73"
  version = "v1.1.1"

[[projects]]
  branch = "master"
  digest = "1:9cb64df3f6e2d10a2d5a852de5cf88c1c67eb1f7b3a4d5ba0d9e753093849bc0"
  name = "github.com/go-phorce/dolly"
  packages = [
    "xlog",
    "xpki/certutil",
  ]
  pruneopts = "UT"
  revision = "6251f5dc12b0f7b6560b22f1112e8ee476bc00bc"

[[projects]]
  digest = "1:a7534feda0f15b5fd691e59e4fb6b7547e27df4b415a62e02c7cb71b3439c1b1"
  name = "github.com/gogo/protobuf"
  packages = [
    "proto",
    "sortkeys",
  ]
  pruneopts = "UT"
  revision = "1adfc126b41513cc696b209667c8656ea7aac67c"
  version = "v1.0.0"

[[projects]]
  digest = "1:0f1010da61da43ef23bae5c43a619abda82e04f409ec642e6bdeee0d7736530d"
  name = "github.com/google/certificate-transparency-go"
  packages = [
    ".",
    "asn1",
    "tls",
    "x509",
    "x509/pkix",
  ]
  pruneopts = "UT"
  revision = "3629d6846518309d22c16fee15d1007262a459d2"
  version = "v1.0.21"

[[projects]]
  digest = "1:a6181aca1fd5e27103f9a920876f29ac72854df7345a39f3b01e61c8c94cc8af"
  name = "github.com/google/gofuzz"
  packages = ["."]
  pruneopts = "UT"
  revision = "f140a6486e521aad38f5917de355cbf147cc0496"
  version = "v1.0.0"

[[projects]]
  digest = "1:cbec35fe4d5a4fba369a656a8cd65e244ea2c743007d8f6c1ccb132acf9d1296"
  name = "github.com/gorilla/mux"
  packages = ["."]
  pruneopts = "UT"
  revision = "00bdffe0f3c77e27d2cf6f5c70232a2d3e4d9c15"
  version = "v1.7.3"

[[projects]]
  digest = "1:bb81097a5b62634f3e9fec1014657855610c82d19b9a40c17612e32651e35dca"
  name = "github.com/jmespath/go-jmespath"
  packages = ["."]
  pruneopts = "UT"
  revision = "c2b33e84"

[[projects]]
  digest = "1:f5a2051c55d05548d2d4fd23d244027b59fbd943217df8aa3b5e170ac2fd6e1b"
  name = "github.com/json-iterator/go"
  packages = ["."]
  pruneopts = "UT"
  revision = "0ff49de124c6f76f8494e194af75bde0f1a49a29"
  version = "v1.1.6"

[[projects]]
  branch = "master"
  digest = "1:60835a4fa946b3c4b595438a07d447305ed4fc9ce95a7a5d0c06ffeea490d5a9"
  name = "github.com/juju/errors"
  packages = ["."]
  pruneopts = "UT"
  revision = "e65537c515d77e35697c471d6c2755375cb3adc4"

[[projects]]
  digest = "1:31e761d97c76151dde79e9d28964a812c46efc5baee4085b86f68f0c654450de"
  name = "github.com/konsorten/go-windows-terminal-sequences"
  packages = ["."]
  pruneopts = "UT"
  revision = "f55edac94c9bbba5d6182a4be46d86a2c9b5b50e"
  version = "v1.0.2"

[[projects]]
  digest = "1:33422d238f147d247752996a26574ac48dcf472976eda7f5134015f06bf16563"
  name = "github.com/modern-go/concurrent"
  packages = ["."]
  pruneopts = "UT"
  revision = "bacd9c7ef1dd9b15be4a9909b8ac7a4e313eec94"
  version = "1.0.3"

[[projects]]
  digest = "1:c56ad36f5722eb07926c979d5e80676ee007a9e39e7808577b9d87ec92b00460"
  name = "github.com/modern-go/reflect2"
  packages = ["."]
  pruneopts = "UT"
  revision = "94122c33edd36123c84d5368cfb2b69df93a0ec8"
  version = "v1.0.1"

[[projects]]
  digest = "1:0028cb19b2e4c3112225cd871870f2d9cf49b9b4276531f03438a88e94be86fe"
  name = "github.com/pmezard/go-difflib"
  packages = ["difflib"]
  pruneopts = "UT"
  revision = "792786c7400a136282c1664665ae0a8db921c6c2"
  version = "v1.0.0"

[[projects]]
  digest = "1:04457f9f6f3ffc5fea48e71d62f2ca256637dee0a04d710288e27e05c8b41976"
  name = "github.com/sirupsen/logrus"
  packages = ["."]
  pruneopts = "UT"
  revision = "839c75faf7f98a33d445d181f3018b5c3409a45e"
  version = "v1.4.2"

[[projects]]
  digest = "1:5da8ce674952566deae4dbc23d07c85caafc6cfa815b0b3e03e41979cedb8750"
  name = "github.com/stretchr/testify"
  packages = [
    "assert",
    "require",
  ]
  pruneopts = "UT"
  revision = "ffdc059bfe9ce6a4e144ba849dbedead332c6053"
  version = "v1.3.0"

[[projects]]
  branch = "master"
  digest = "1:589cbde0f35e76f76730eab484c7adfc6582545bdb7c613781382e7c953850ce"
  name = "golang.org/x/crypto"
  packages = [
    "cryptobyte",
    "cryptobyte/asn1",
    "ed25519",
    "ed25519/internal/edwards25519",
    "ocsp",
    "pkcs12",
    "pkcs12/internal/rc2",
  ]
  pruneopts = "UT"
  revision = "4def268fd1a49955bfb3dda92fe3db4f924f2285"

[[projects]]
  digest = "1:e480830d20470d74d24bc36a52d4152c420c2cab67503e54f8f08e2db52579c5"
  name = "golang.org/x/net"
  packages = [
    "http/httpguts",
    "http2",
    "http2/hpack",
    "idna",
  ]
  pruneopts = "UT"
  revision = "65e2d4e15006"

[[projects]]
  branch = "master"
  digest = "1:5b3f90037a9027c43bdcae488c39d41aadecb9d85e645bb62b773a0a6f6e86b8"
  name = "golang.org/x/sys"
  packages = ["unix"]
  pruneopts = "UT"
  revision = "6ec70d6a5542cba804c6d16ebe8392601a0b7b60"

[[projects]]
  digest = "1:8d8faad6b12a3a4c819a3f9618cb6ee1fa1cfc33253abeeea8b55336721e3405"
  name = "golang.org/x/text"
  packages = [
    "collate",
    "collate/build",
    "internal/colltab",
    "internal/gen",
    "internal/language",
    "internal/language/compact",
    "internal/tag",
    "internal/triegen",
    "internal/ucd",
    "language",
    "secure/bidirule",
    "transform",
    "unicode/bidi",
    "unicode/cldr",
    "unicode/norm",
    "unicode/rangetable",
  ]
  pruneopts = "UT"
  revision = "342b2e1fbaa52c93f31447ad2c6abc048c63e475"
  version = "v0.3.2"

[[projects]]
  digest = "1:ef72505cf098abdd34efeea032103377bec06abb61d8a06f002d5d296a4b1185"
  name = "gopkg.in/inf.v0"
  packages = ["."]
  pruneopts = "UT"
  revision = "3887ee99ecf07df5b447e9b00d9c0b2adaa9f3e4"
  version = "v0.9.0"

[[projects]]
  digest = "1:4d2e5a73dc1500038e504a8d78b986630e3626dc027bc030ba5c75da257cdb96"
  name = "gopkg.in/yaml.v2"
  packages = ["."]
  pruneopts = "UT"
  revision = "51d6538a90f86fe93ac480b35f37b2be17fef232"
  version = "v2.2.2"

[[projects]]
  branch = "master"
  digest = "1:5b62f90ca85bf96b0e718ef829f8dd77d18d1273c8fe90abddad9d96a0ea1b2e"
  name = "k8s.io/api"
  packages = [
    "admission/v1beta1",
    "apps/v1",
    "authentication/v1",
    "core/v1",
  ]
  pruneopts = "UT"
  revision = "37c3b8b1ca65bb999bd801f8252495c89a178e8b"

[[projects]]
  digest = "1:f5bfc8d332fdfbeadff9165a91edca54287516a86de64da99b4a3803d4b239b2"
  name = "k8s.io/apimachinery"
  packages = [
    "pkg/api/resource",
    "pkg/apis/meta/v1",
    "pkg/apis/meta/v1/unstructured",
    "pkg/conversion",
    "pkg/conversion/queryparams",
    "pkg/fields",
    "pkg/labels",
    "pkg/runtime",
    "pkg/runtime/schema",
    "pkg/runtime/serializer",
    "pkg/runtime/serializer/json",
    "pkg/runtime/serializer/protobuf",
    "pkg/runtime/serializer/recognizer",
    "pkg/runtime/serializer/versioning",
    "pkg/selection",
    "pkg/types",
    "pkg/util/errors",
    "pkg/util/framer",
    "pkg/util/intstr",
    "pkg/util/json",
    "pkg/util/naming",
    "pkg/util/net",
    "pkg/util/runtime",
    "pkg/util/sets",
    "pkg/util/validation",
    "pkg/util/validation/field",
    "pkg/util/yaml",
    "pkg/watch",
    "third_party/forked/golang/reflect",
  ]
  pruneopts = "UT"
  revision = "7bf792636534"

[[projects]]
  digest = "1:fd24a140b16df03386fb0d9da8a5879e3b0178f35fff6545d3101f70ff9a4f1a"
  name = "k8s.io/klog"
  packages = ["."]
  pruneopts = "UT"
  revision = "89e63fd5117f8c20208186ef85f096703a280c20"
  version = "v0.3.1"

[[projects]]
  digest = "1:530450e1ae4621e402ed7622fa4d0508046f965ae76622af97c691f786bd9a1a"
  name = "k8s.io/kubernetes"
  packages = ["pkg/util/file"]
  pruneopts = "UT"
  revision = "0c6d31a99f81476dfc9871ba3cf3f597bec29b58"
  version = "v1.13.8"

[[projects]]
  digest = "1:7719608fe0b52a4ece56c2dde37bedd95b938677d1ab0f84b8a7852e4c59f849"
  name = "sigs.k8s.io/yaml"
  packages = ["."]
  pruneopts = "UT"
  revision = "fd68e9863619f6ec2fdd8625fe1f02e7c877e480"
  version = "v1.1.0"

[solve-meta]
  analyzer-name = "dep"
  analyzer-version = 1
  input-imports = [
    "git.soma.salesforce.com/kuleana/go-pkg/cms",
    "github.com/aws/aws-sdk-go/aws",
    "github.com/aws/aws-sdk-go/aws/awserr",
    "github.com/aws/aws-sdk-go/aws/session",
    "github.com/aws/aws-sdk-go/service/ecr",
    "github.com/aws/aws-sdk-go/service/s3",
    "github.com/aws/aws-sdk-go/service/s3/s3manager",
    "github.com/go-phorce/dolly/xpki/certutil",
    "github.com/gorilla/mux",
    "github.com/juju/errors",
    "github.com/sirupsen/logrus",
    "github.com/stretchr/testify/assert",
    "github.com/stretchr/testify/require",
    "k8s.io/api/admission/v1beta1",
    "k8s.io/api/apps/v1",
    "k8s.io/apimachinery/pkg/apis/meta/v1",
    "k8s.io/apimachinery/pkg/runtime",
    "k8s.io/apimachinery/pkg/runtime/serializer",
    "k8s.io/kubernetes/pkg/util/file",
  ]
  solver-name = "gps-cdcl"
  solver-version = 1
